
Microsoft Visual Studio Solution File, Format Version 11.00
# Visual Studio 2010
Project("{FAE04EC0-301F-11D3-BF4B-00C04F79EFBC}") = "Microsoft.Samples.WindowsAzure.ServiceManagement", "Microsoft.Samples.WindowsAzure.ServiceManagement\Microsoft.Samples.WindowsAzure.ServiceManagement.csproj", "{4F45D685-1CAE-412C-9C9F-6A4073214116}"
EndProject
Project("{FAE04EC0-301F-11D3-BF4B-00C04F79EFBC}") = "ServiceManagement", "ServiceManagement\ServiceManagement\ServiceManagement.csproj", "{63F654B0-CA70-4DD8-BE42-0F3F38051EE8}"
EndProject
Project("{FAE04EC0-301F-11D3-BF4B-00C04F79EFBC}") = "csmanage", "csmanage\csmanage\csmanage.csproj", "{700D91A5-4AAC-4C66-BF01-A3E9FEF02669}"
EndProject
Global
	GlobalSection(TeamFoundationVersionControl) = preSolution
		SccNumberOfProjects = 4
		SccEnterpriseProvider = {4CA58AB2-18FA-4F8D-95D4-32DDF27D184C}
		SccTeamFoundationServer = http://vstfcodebox:8080/tfs/upsilon
		SccLocalPath0 = .
		SccProjectUniqueName1 = csmanage\\csmanage\\csmanage.csproj
		SccProjectName1 = csmanage/csmanage
		SccLocalPath1 = csmanage\\csmanage
		SccProjectUniqueName2 = Microsoft.Samples.WindowsAzure.ServiceManagement\\Microsoft.Samples.WindowsAzure.ServiceManagement.csproj
		SccProjectName2 = Microsoft.Samples.WindowsAzure.ServiceManagement
		SccLocalPath2 = Microsoft.Samples.WindowsAzure.ServiceManagement
		SccProjectUniqueName3 = ServiceManagement\\ServiceManagement\\ServiceManagement.csproj
		SccProjectName3 = ServiceManagement/ServiceManagement
		SccLocalPath3 = ServiceManagement\\ServiceManagement
	EndGlobalSection
	GlobalSection(SolutionConfigurationPlatforms) = preSolution
		Debug|Any CPU = Debug|Any CPU
		Release|Any CPU = Release|Any CPU
	EndGlobalSection
	GlobalSection(ProjectConfigurationPlatforms) = postSolution
		{4F45D685-1CAE-412C-9C9F-6A4073214116}.Debug|Any CPU.ActiveCfg = Debug|Any CPU
		{4F45D685-1CAE-412C-9C9F-6A4073214116}.Debug|Any CPU.Build.0 = Debug|Any CPU
		{4F45D685-1CAE-412C-9C9F-6A4073214116}.Release|Any CPU.ActiveCfg = Release|Any CPU
		{4F45D685-1CAE-412C-9C9F-6A4073214116}.Release|Any CPU.Build.0 = Release|Any CPU
		{63F654B0-CA70-4DD8-BE42-0F3F38051EE8}.Debug|Any CPU.ActiveCfg = Debug|Any CPU
		{63F654B0-CA70-4DD8-BE42-0F3F38051EE8}.Debug|Any CPU.Build.0 = Debug|Any CPU
		{63F654B0-CA70-4DD8-BE42-0F3F38051EE8}.Release|Any CPU.ActiveCfg = Release|Any CPU
		{63F654B0-CA70-4DD8-BE42-0F3F38051EE8}.Release|Any CPU.Build.0 = Release|Any CPU
		{700D91A5-4AAC-4C66-BF01-A3E9FEF02669}.Debug|Any CPU.ActiveCfg = Debug|Any CPU
		{700D91A5-4AAC-4C66-BF01-A3E9FEF02669}.Debug|Any CPU.Build.0 = Debug|Any CPU
		{700D91A5-4AAC-4C66-BF01-A3E9FEF02669}.Release|Any CPU.ActiveCfg = Release|Any CPU
		{700D91A5-4AAC-4C66-BF01-A3E9FEF02669}.Release|Any CPU.Build.0 = Release|Any CPU
	EndGlobalSection
	GlobalSection(SolutionProperties) = preSolution
		HideSolutionNode = FALSE
	EndGlobalSection
EndGlobal
