
Microsoft Visual Studio Solution File, Format Version 11.00
# Visual Studio 2010
Project("{2150E333-8FDC-42A3-9474-1A3956D46DE8}") = "Energy Service", "Energy Service", "{D57FE6AF-FA52-46E3-86D3-A2C9E4268EC9}"
EndProject
Project("{2150E333-8FDC-42A3-9474-1A3956D46DE8}") = "NetOnewayRelay", "NetOnewayRelay", "{510EC4D2-04CC-48B1-8650-F463C46E63D8}"
EndProject
Project("{2150E333-8FDC-42A3-9474-1A3956D46DE8}") = "NetEventRelayBinding", "NetEventRelayBinding", "{2988B527-9845-4CE7-8F98-80B9899A809E}"
EndProject
Project("{2150E333-8FDC-42A3-9474-1A3956D46DE8}") = "NetTcpRelayBinding", "NetTcpRelayBinding", "{F2011E69-8DA6-4DF9-B923-0B0DC476C560}"
EndProject
Project("{2150E333-8FDC-42A3-9474-1A3956D46DE8}") = "Utils", "Utils", "{778B1A49-BA91-49C7-A136-25AF27C472FD}"
EndProject
Project("{2150E333-8FDC-42A3-9474-1A3956D46DE8}") = "WebHttpRelayBinding", "WebHttpRelayBinding", "{20DF9FD7-C056-478F-9E36-080760C58EBD}"
EndProject
Project("{2150E333-8FDC-42A3-9474-1A3956D46DE8}") = "MessageBuffer", "MessageBuffer", "{B3034EE5-8080-484D-8519-49103230A447}"
EndProject
Project("{FAE04EC0-301F-11D3-BF4B-00C04F79EFBC}") = "NetOnewayRelayServer", "NetOnewayRelayServer\NetOnewayRelayServer.csproj", "{9F012E50-E41B-42BD-9879-E50BEF79793A}"
EndProject
Project("{FAE04EC0-301F-11D3-BF4B-00C04F79EFBC}") = "NetOnewayRelayClient", "NetOnewayRelayClient\NetOnewayRelayClient.csproj", "{37299FCC-E3E8-4BDD-8003-47EE7810EFB5}"
EndProject
Project("{FAE04EC0-301F-11D3-BF4B-00C04F79EFBC}") = "ServiceBusUtils", "Utils\ServiceBusUtils\ServiceBusUtils.csproj", "{635B4DA6-0C92-4697-8F36-5D4CC5D72421}"
EndProject
Project("{FAE04EC0-301F-11D3-BF4B-00C04F79EFBC}") = "NetEventRelayServer", "NetEventRelay\NetEventRelayServer\NetEventRelayServer.csproj", "{A46C2D53-B09A-4001-B690-B873ADB42EBC}"
EndProject
Project("{FAE04EC0-301F-11D3-BF4B-00C04F79EFBC}") = "NetEventRelayGateway", "NetEventRelay\NetEventRelayGateway\NetEventRelayGateway.csproj", "{2E8EB155-DE22-45A6-A638-0498D33D16B1}"
EndProject
Project("{FAE04EC0-301F-11D3-BF4B-00C04F79EFBC}") = "NetTcpRelayBinding", "NetTcpRelay\NetTcpRelayBinding\NetTcpRelayBinding.csproj", "{0F861B8E-5BDD-4038-8D5A-2A405526B27A}"
EndProject
Project("{FAE04EC0-301F-11D3-BF4B-00C04F79EFBC}") = "RESTGatewayServer", "WebHttpBinding\Service\RESTGatewayServer.csproj", "{6888F574-9F66-4E0A-972B-95143C2CDD2E}"
EndProject
Project("{FAE04EC0-301F-11D3-BF4B-00C04F79EFBC}") = "MessageBuffer", "MessageBuffer\MessageBuffer.csproj", "{1565528B-A736-45EC-BF42-B766E4765BF4}"
EndProject
Project("{FAE04EC0-301F-11D3-BF4B-00C04F79EFBC}") = "EnergyServiceContract", "EnergyServiceContract\EnergyServiceContract.csproj", "{6380BF98-784C-4ED2-A656-A58880E3C6DE}"
EndProject
Global
	GlobalSection(SolutionConfigurationPlatforms) = preSolution
		Debug|Any CPU = Debug|Any CPU
		Release|Any CPU = Release|Any CPU
	EndGlobalSection
	GlobalSection(ProjectConfigurationPlatforms) = postSolution
		{9F012E50-E41B-42BD-9879-E50BEF79793A}.Debug|Any CPU.ActiveCfg = Debug|Any CPU
		{9F012E50-E41B-42BD-9879-E50BEF79793A}.Debug|Any CPU.Build.0 = Debug|Any CPU
		{9F012E50-E41B-42BD-9879-E50BEF79793A}.Release|Any CPU.ActiveCfg = Release|Any CPU
		{9F012E50-E41B-42BD-9879-E50BEF79793A}.Release|Any CPU.Build.0 = Release|Any CPU
		{37299FCC-E3E8-4BDD-8003-47EE7810EFB5}.Debug|Any CPU.ActiveCfg = Debug|Any CPU
		{37299FCC-E3E8-4BDD-8003-47EE7810EFB5}.Debug|Any CPU.Build.0 = Debug|Any CPU
		{37299FCC-E3E8-4BDD-8003-47EE7810EFB5}.Release|Any CPU.ActiveCfg = Release|Any CPU
		{37299FCC-E3E8-4BDD-8003-47EE7810EFB5}.Release|Any CPU.Build.0 = Release|Any CPU
		{635B4DA6-0C92-4697-8F36-5D4CC5D72421}.Debug|Any CPU.ActiveCfg = Debug|Any CPU
		{635B4DA6-0C92-4697-8F36-5D4CC5D72421}.Debug|Any CPU.Build.0 = Debug|Any CPU
		{635B4DA6-0C92-4697-8F36-5D4CC5D72421}.Release|Any CPU.ActiveCfg = Release|Any CPU
		{635B4DA6-0C92-4697-8F36-5D4CC5D72421}.Release|Any CPU.Build.0 = Release|Any CPU
		{A46C2D53-B09A-4001-B690-B873ADB42EBC}.Debug|Any CPU.ActiveCfg = Debug|Any CPU
		{A46C2D53-B09A-4001-B690-B873ADB42EBC}.Debug|Any CPU.Build.0 = Debug|Any CPU
		{A46C2D53-B09A-4001-B690-B873ADB42EBC}.Release|Any CPU.ActiveCfg = Release|Any CPU
		{A46C2D53-B09A-4001-B690-B873ADB42EBC}.Release|Any CPU.Build.0 = Release|Any CPU
		{2E8EB155-DE22-45A6-A638-0498D33D16B1}.Debug|Any CPU.ActiveCfg = Debug|Any CPU
		{2E8EB155-DE22-45A6-A638-0498D33D16B1}.Debug|Any CPU.Build.0 = Debug|Any CPU
		{2E8EB155-DE22-45A6-A638-0498D33D16B1}.Release|Any CPU.ActiveCfg = Release|Any CPU
		{2E8EB155-DE22-45A6-A638-0498D33D16B1}.Release|Any CPU.Build.0 = Release|Any CPU
		{0F861B8E-5BDD-4038-8D5A-2A405526B27A}.Debug|Any CPU.ActiveCfg = Debug|Any CPU
		{0F861B8E-5BDD-4038-8D5A-2A405526B27A}.Debug|Any CPU.Build.0 = Debug|Any CPU
		{0F861B8E-5BDD-4038-8D5A-2A405526B27A}.Release|Any CPU.ActiveCfg = Release|Any CPU
		{0F861B8E-5BDD-4038-8D5A-2A405526B27A}.Release|Any CPU.Build.0 = Release|Any CPU
		{6888F574-9F66-4E0A-972B-95143C2CDD2E}.Debug|Any CPU.ActiveCfg = Debug|Any CPU
		{6888F574-9F66-4E0A-972B-95143C2CDD2E}.Debug|Any CPU.Build.0 = Debug|Any CPU
		{6888F574-9F66-4E0A-972B-95143C2CDD2E}.Release|Any CPU.ActiveCfg = Release|Any CPU
		{6888F574-9F66-4E0A-972B-95143C2CDD2E}.Release|Any CPU.Build.0 = Release|Any CPU
		{1565528B-A736-45EC-BF42-B766E4765BF4}.Debug|Any CPU.ActiveCfg = Debug|Any CPU
		{1565528B-A736-45EC-BF42-B766E4765BF4}.Debug|Any CPU.Build.0 = Debug|Any CPU
		{1565528B-A736-45EC-BF42-B766E4765BF4}.Release|Any CPU.ActiveCfg = Release|Any CPU
		{1565528B-A736-45EC-BF42-B766E4765BF4}.Release|Any CPU.Build.0 = Release|Any CPU
		{6380BF98-784C-4ED2-A656-A58880E3C6DE}.Debug|Any CPU.ActiveCfg = Debug|Any CPU
		{6380BF98-784C-4ED2-A656-A58880E3C6DE}.Debug|Any CPU.Build.0 = Debug|Any CPU
		{6380BF98-784C-4ED2-A656-A58880E3C6DE}.Release|Any CPU.ActiveCfg = Release|Any CPU
		{6380BF98-784C-4ED2-A656-A58880E3C6DE}.Release|Any CPU.Build.0 = Release|Any CPU
	EndGlobalSection
	GlobalSection(SolutionProperties) = preSolution
		HideSolutionNode = FALSE
	EndGlobalSection
	GlobalSection(NestedProjects) = preSolution
		{510EC4D2-04CC-48B1-8650-F463C46E63D8} = {D57FE6AF-FA52-46E3-86D3-A2C9E4268EC9}
		{2988B527-9845-4CE7-8F98-80B9899A809E} = {D57FE6AF-FA52-46E3-86D3-A2C9E4268EC9}
		{F2011E69-8DA6-4DF9-B923-0B0DC476C560} = {D57FE6AF-FA52-46E3-86D3-A2C9E4268EC9}
		{778B1A49-BA91-49C7-A136-25AF27C472FD} = {D57FE6AF-FA52-46E3-86D3-A2C9E4268EC9}
		{20DF9FD7-C056-478F-9E36-080760C58EBD} = {D57FE6AF-FA52-46E3-86D3-A2C9E4268EC9}
		{6380BF98-784C-4ED2-A656-A58880E3C6DE} = {D57FE6AF-FA52-46E3-86D3-A2C9E4268EC9}
		{9F012E50-E41B-42BD-9879-E50BEF79793A} = {510EC4D2-04CC-48B1-8650-F463C46E63D8}
		{37299FCC-E3E8-4BDD-8003-47EE7810EFB5} = {510EC4D2-04CC-48B1-8650-F463C46E63D8}
		{A46C2D53-B09A-4001-B690-B873ADB42EBC} = {2988B527-9845-4CE7-8F98-80B9899A809E}
		{2E8EB155-DE22-45A6-A638-0498D33D16B1} = {2988B527-9845-4CE7-8F98-80B9899A809E}
		{0F861B8E-5BDD-4038-8D5A-2A405526B27A} = {F2011E69-8DA6-4DF9-B923-0B0DC476C560}
		{635B4DA6-0C92-4697-8F36-5D4CC5D72421} = {778B1A49-BA91-49C7-A136-25AF27C472FD}
		{6888F574-9F66-4E0A-972B-95143C2CDD2E} = {20DF9FD7-C056-478F-9E36-080760C58EBD}
		{1565528B-A736-45EC-BF42-B766E4765BF4} = {B3034EE5-8080-484D-8519-49103230A447}
	EndGlobalSection
EndGlobal
