
Microsoft Visual Studio Solution File, Format Version 10.00
# Visual Studio 2008
Project("{FAE04EC0-301F-11D3-BF4B-00C04F79EFBC}") = "StorageClient", "Lib\StorageClient.csproj", "{C6F30C10-E1C2-4327-BB6B-3160B479CCA1}"
EndProject
Project("{FAE04EC0-301F-11D3-BF4B-00C04F79EFBC}") = "StorageClientAPISample", "StorageClientAPISample\StorageClientAPISample.csproj", "{191AAF70-B4E8-46C8-A02C-842EABCCB8F1}"
EndProject
Global
	GlobalSection(SolutionConfigurationPlatforms) = preSolution
		Debug|Any CPU = Debug|Any CPU
		Release|Any CPU = Release|Any CPU
	EndGlobalSection
	GlobalSection(ProjectConfigurationPlatforms) = postSolution
		{C6F30C10-E1C2-4327-BB6B-3160B479CCA1}.Debug|Any CPU.ActiveCfg = Debug|Any CPU
		{C6F30C10-E1C2-4327-BB6B-3160B479CCA1}.Debug|Any CPU.Build.0 = Debug|Any CPU
		{C6F30C10-E1C2-4327-BB6B-3160B479CCA1}.Release|Any CPU.ActiveCfg = Release|Any CPU
		{C6F30C10-E1C2-4327-BB6B-3160B479CCA1}.Release|Any CPU.Build.0 = Release|Any CPU
		{191AAF70-B4E8-46C8-A02C-842EABCCB8F1}.Debug|Any CPU.ActiveCfg = Debug|Any CPU
		{191AAF70-B4E8-46C8-A02C-842EABCCB8F1}.Debug|Any CPU.Build.0 = Debug|Any CPU
		{191AAF70-B4E8-46C8-A02C-842EABCCB8F1}.Release|Any CPU.ActiveCfg = Release|Any CPU
		{191AAF70-B4E8-46C8-A02C-842EABCCB8F1}.Release|Any CPU.Build.0 = Release|Any CPU
	EndGlobalSection
	GlobalSection(SolutionProperties) = preSolution
		HideSolutionNode = FALSE
	EndGlobalSection
EndGlobal
