
Microsoft Visual Studio Solution File, Format Version 10.00
# Visual Studio 2008
Project("{FAE04EC0-301F-11D3-BF4B-00C04F79EFBC}") = "ProAzureCommonLib", "ProAzureCommonLib\ProAzureCommonLib.csproj", "{03E5C62F-ABAB-4E38-9AA9-179957A46199}"
EndProject
Global
	GlobalSection(SolutionConfigurationPlatforms) = preSolution
		Debug|Any CPU = Debug|Any CPU
		Release|Any CPU = Release|Any CPU
	EndGlobalSection
	GlobalSection(ProjectConfigurationPlatforms) = postSolution
		{03E5C62F-ABAB-4E38-9AA9-179957A46199}.Debug|Any CPU.ActiveCfg = Debug|Any CPU
		{03E5C62F-ABAB-4E38-9AA9-179957A46199}.Debug|Any CPU.Build.0 = Debug|Any CPU
		{03E5C62F-ABAB-4E38-9AA9-179957A46199}.Release|Any CPU.ActiveCfg = Release|Any CPU
		{03E5C62F-ABAB-4E38-9AA9-179957A46199}.Release|Any CPU.Build.0 = Release|Any CPU
	EndGlobalSection
	GlobalSection(SolutionProperties) = preSolution
		HideSolutionNode = FALSE
	EndGlobalSection
EndGlobal
